
Microsoft Visual Studio Solution File, Format Version 12.00
# Visual Studio Version 17
VisualStudioVersion = 17.0.31903.59
MinimumVisualStudioVersion = 10.0.40219.1
Project("{FAE04EC0-301F-11D3-BF4B-00C04F79EFBC}") = "ContosoSuitesVectorizationFunction", "ContosoSuitesVectorizationFunction\ContosoSuitesVectorizationFunction.csproj", "{5818B634-B803-4B27-8874-18A0AEF49B3B}"
EndProject
Project("{FAE04EC0-301F-11D3-BF4B-00C04F79EFBC}") = "ContosoSuitesWebAPI", "ContosoSuitesWebAPI\ContosoSuitesWebAPI.csproj", "{A85DF680-9D7F-4EAB-AA78-2891AB4DECDA}"
EndProject
Global
	GlobalSection(SolutionConfigurationPlatforms) = preSolution
		Debug|Any CPU = Debug|Any CPU
		Release|Any CPU = Release|Any CPU
	EndGlobalSection
	GlobalSection(SolutionProperties) = preSolution
		HideSolutionNode = FALSE
	EndGlobalSection
	GlobalSection(ProjectConfigurationPlatforms) = postSolution
		{5818B634-B803-4B27-8874-18A0AEF49B3B}.Debug|Any CPU.ActiveCfg = Debug|Any CPU
		{5818B634-B803-4B27-8874-18A0AEF49B3B}.Debug|Any CPU.Build.0 = Debug|Any CPU
		{5818B634-B803-4B27-8874-18A0AEF49B3B}.Release|Any CPU.ActiveCfg = Release|Any CPU
		{5818B634-B803-4B27-8874-18A0AEF49B3B}.Release|Any CPU.Build.0 = Release|Any CPU
		{A85DF680-9D7F-4EAB-AA78-2891AB4DECDA}.Debug|Any CPU.ActiveCfg = Debug|Any CPU
		{A85DF680-9D7F-4EAB-AA78-2891AB4DECDA}.Debug|Any CPU.Build.0 = Debug|Any CPU
		{A85DF680-9D7F-4EAB-AA78-2891AB4DECDA}.Release|Any CPU.ActiveCfg = Release|Any CPU
		{A85DF680-9D7F-4EAB-AA78-2891AB4DECDA}.Release|Any CPU.Build.0 = Release|Any CPU
	EndGlobalSection
EndGlobal
